// !$*UTF8*$!
{
	archiveVersion = 1;
	classes = {
	};
	objectVersion = 48;
	objects = {

/* Begin PBXBuildFile section */
		5587151064449C067FE7D32E /* libPods-GCDSocket.a in Frameworks */ = {isa = PBXBuildFile; fileRef = 5BB02F798DE47016783A0EF0 /* libPods-GCDSocket.a */; };
		EAE668111FB9557D005AA050 /* AppDelegate.m in Sources */ = {isa = PBXBuildFile; fileRef = EAE668101FB9557D005AA050 /* AppDelegate.m */; };
		EAE668141FB9557D005AA050 /* ViewController.m in Sources */ = {isa = PBXBuildFile; fileRef = EAE668131FB9557D005AA050 /* ViewController.m */; };
		EAE668171FB9557D005AA050 /* Main.storyboard in Resources */ = {isa = PBXBuildFile; fileRef = EAE668151FB9557D005AA050 /* Main.storyboard */; };
		EAE668191FB9557D005AA050 /* Assets.xcassets in Resources */ = {isa = PBXBuildFile; fileRef = EAE668181FB9557D005AA050 /* Assets.xcassets */; };
		EAE6681C1FB9557D005AA050 /* LaunchScreen.storyboard in Resources */ = {isa = PBXBuildFile; fileRef = EAE6681A1FB9557D005AA050 /* LaunchScreen.storyboard */; };
		EAE6681F1FB9557D005AA050 /* main.m in Sources */ = {isa = PBXBuildFile; fileRef = EAE6681E1FB9557D005AA050 /* main.m */; };
		EAE668271FB9681C005AA050 /* GCDSocketManager.m in Sources */ = {isa = PBXBuildFile; fileRef = EAE668261FB9681C005AA050 /* GCDSocketManager.m */; };
/* End PBXBuildFile section */

/* Begin PBXFileReference section */
		483984A7F0A6A67A3045187E /* Pods-GCDSocket.debug.xcconfig */ = {isa = PBXFileReference; includeInIndex = 1; lastKnownFileType = text.xcconfig; name = "Pods-GCDSocket.debug.xcconfig"; path = "Pods/Target Support Files/Pods-GCDSocket/Pods-GCDSocket.debug.xcconfig"; sourceTree = "<group>"; };
		5BB02F798DE47016783A0EF0 /* libPods-GCDSocket.a */ = {isa = PBXFileReference; explicitFileType = archive.ar; includeInIndex = 0; path = "libPods-GCDSocket.a"; sourceTree = BUILT_PRODUCTS_DIR; };
		74345FC7D48305CA3D985179 /* Pods-GCDSocket.release.xcconfig */ = {isa = PBXFileReference; includeInIndex = 1; lastKnownFileType = text.xcconfig; name = "Pods-GCDSocket.release.xcconfig"; path = "Pods/Target Support Files/Pods-GCDSocket/Pods-GCDSocket.release.xcconfig"; sourceTree = "<group>"; };
		EAE6680C1FB9557D005AA050 /* GCDSocket.app */ = {isa = PBXFileReference; explicitFileType = wrapper.application; includeInIndex = 0; path = GCDSocket.app; sourceTree = BUILT_PRODUCTS_DIR; };
		EAE6680F1FB9557D005AA050 /* AppDelegate.h */ = {isa = PBXFileReference; lastKnownFileType = sourcecode.c.h; path = AppDelegate.h; sourceTree = "<group>"; };
		EAE668101FB9557D005AA050 /* AppDelegate.m */ = {isa = PBXFileReference; lastKnownFileType = sourcecode.c.objc; path = AppDelegate.m; sourceTree = "<group>"; };
		EAE668121FB9557D005AA050 /* ViewController.h */ = {isa = PBXFileReference; lastKnownFileType = sourcecode.c.h; path = ViewController.h; sourceTree = "<group>"; };
		EAE668131FB9557D005AA050 /* ViewController.m */ = {isa = PBXFileReference; lastKnownFileType = sourcecode.c.objc; path = ViewController.m; sourceTree = "<group>"; };
		EAE668161FB9557D005AA050 /* Base */ = {isa = PBXFileReference; lastKnownFileType = file.storyboard; name = Base; path = Base.lproj/Main.storyboard; sourceTree = "<group>"; };
		EAE668181FB9557D005AA050 /* Assets.xcassets */ = {isa = PBXFileReference; lastKnownFileType = folder.assetcatalog; path = Assets.xcassets; sourceTree = "<group>"; };
		EAE6681B1FB9557D005AA050 /* Base */ = {isa = PBXFileReference; lastKnownFileType = file.storyboard; name = Base; path = Base.lproj/LaunchScreen.storyboard; sourceTree = "<group>"; };
		EAE6681D1FB9557D005AA050 /* Info.plist */ = {isa = PBXFileReference; lastKnownFileType = text.plist.xml; path = Info.plist; sourceTree = "<group>"; };
		EAE6681E1FB9557D005AA050 /* main.m */ = {isa = PBXFileReference; lastKnownFileType = sourcecode.c.objc; path = main.m; sourceTree = "<group>"; };
		EAE668251FB9681C005AA050 /* GCDSocketManager.h */ = {isa = PBXFileReference; lastKnownFileType = sourcecode.c.h; path = GCDSocketManager.h; sourceTree = "<group>"; };
		EAE668261FB9681C005AA050 /* GCDSocketManager.m */ = {isa = PBXFileReference; lastKnownFileType = sourcecode.c.objc; path = GCDSocketManager.m; sourceTree = "<group>"; };
/* End PBXFileReference section */

/* Begin PBXFrameworksBuildPhase section */
		EAE668091FB9557D005AA050 /* Frameworks */ = {
			isa = PBXFrameworksBuildPhase;
			buildActionMask = 2147483647;
			files = (
				5587151064449C067FE7D32E /* libPods-GCDSocket.a in Frameworks */,
			);
			runOnlyForDeploymentPostprocessing = 0;
		};
/* End PBXFrameworksBuildPhase section */

/* Begin PBXGroup section */
		CD154F55F1ED0C105BF79DC6 /* Pods */ = {
			isa = PBXGroup;
			children = (
				483984A7F0A6A67A3045187E /* Pods-GCDSocket.debug.xcconfig */,
				74345FC7D48305CA3D985179 /* Pods-GCDSocket.release.xcconfig */,
			);
			name = Pods;
			sourceTree = "<group>";
		};
		E1218FCD5B9967989A196BB7 /* Frameworks */ = {
			isa = PBXGroup;
			children = (
				5BB02F798DE47016783A0EF0 /* libPods-GCDSocket.a */,
			);
			name = Frameworks;
			sourceTree = "<group>";
		};
		EAE668031FB9557D005AA050 = {
			isa = PBXGroup;
			children = (
				EAE6680E1FB9557D005AA050 /* GCDSocket */,
				EAE6680D1FB9557D005AA050 /* Products */,
				CD154F55F1ED0C105BF79DC6 /* Pods */,
				E1218FCD5B9967989A196BB7 /* Frameworks */,
			);
			sourceTree = "<group>";
		};
		EAE6680D1FB9557D005AA050 /* Products */ = {
			isa = PBXGroup;
			children = (
				EAE6680C1FB9557D005AA050 /* GCDSocket.app */,
			);
			name = Products;
			sourceTree = "<group>";
		};
		EAE6680E1FB9557D005AA050 /* GCDSocket */ = {
			isa = PBXGroup;
			children = (
				EAE6680F1FB9557D005AA050 /* AppDelegate.h */,
				EAE668101FB9557D005AA050 /* AppDelegate.m */,
				EAE668121FB9557D005AA050 /* ViewController.h */,
				EAE668131FB9557D005AA050 /* ViewController.m */,
				EAE668151FB9557D005AA050 /* Main.storyboard */,
				EAE668181FB9557D005AA050 /* Assets.xcassets */,
				EAE6681A1FB9557D005AA050 /* LaunchScreen.storyboard */,
				EAE6681D1FB9557D005AA050 /* Info.plist */,
				EAE6681E1FB9557D005AA050 /* main.m */,
				EAE668251FB9681C005AA050 /* GCDSocketManager.h */,
				EAE668261FB9681C005AA050 /* GCDSocketManager.m */,
			);
			path = GCDSocket;
			sourceTree = "<group>";
		};
/* End PBXGroup section */

/* Begin PBXNativeTarget section */
		EAE6680B1FB9557D005AA050 /* GCDSocket */ = {
			isa = PBXNativeTarget;
			buildConfigurationList = EAE668221FB9557D005AA050 /* Build configuration list for PBXNativeTarget "GCDSocket" */;
			buildPhases = (
				B71C8287C2AB6E40ED90582B /* [CP] Check Pods Manifest.lock */,
				EAE668081FB9557D005AA050 /* Sources */,
				EAE668091FB9557D005AA050 /* Frameworks */,
				EAE6680A1FB9557D005AA050 /* Resources */,
				6BDAAE7BE3B5585192218478 /* [CP] Embed Pods Frameworks */,
				9540BB7E3CEDBC5EED56D235 /* [CP] Copy Pods Resources */,
			);
			buildRules = (
			);
			dependencies = (
			);
			name = GCDSocket;
			productName = GCDSocket;
			productReference = EAE6680C1FB9557D005AA050 /* GCDSocket.app */;
			productType = "com.apple.product-type.application";
		};
/* End PBXNativeTarget section */

/* Begin PBXProject section */
		EAE668041FB9557D005AA050 /* Project object */ = {
			isa = PBXProject;
			attributes = {
				LastUpgradeCheck = 0910;
				ORGANIZATIONNAME = onePiece;
				TargetAttributes = {
					EAE6680B1FB9557D005AA050 = {
						CreatedOnToolsVersion = 9.1;
						ProvisioningStyle = Automatic;
					};
				};
			};
			buildConfigurationList = EAE668071FB9557D005AA050 /* Build configuration list for PBXProject "GCDSocket" */;
			compatibilityVersion = "Xcode 8.0";
			developmentRegion = en;
			hasScannedForEncodings = 0;
			knownRegions = (
				en,
				Base,
			);
			mainGroup = EAE668031FB9557D005AA050;
			productRefGroup = EAE6680D1FB9557D005AA050 /* Products */;
			projectDirPath = "";
			projectRoot = "";
			targets = (
				EAE6680B1FB9557D005AA050 /* GCDSocket */,
			);
		};
/* End PBXProject section */

/* Begin PBXResourcesBuildPhase section */
		EAE6680A1FB9557D005AA050 /* Resources */ = {
			isa = PBXResourcesBuildPhase;
			buildActionMask = 2147483647;
			files = (
				EAE6681C1FB9557D005AA050 /* LaunchScreen.storyboard in Resources */,
				EAE668191FB9557D005AA050 /* Assets.xcassets in Resources */,
				EAE668171FB9557D005AA050 /* Main.storyboard in Resources */,
			);
			runOnlyForDeploymentPostprocessing = 0;
		};
/* End PBXResourcesBuildPhase section */

/* Begin PBXShellScriptBuildPhase section */
		6BDAAE7BE3B5585192218478 /* [CP] Embed Pods Frameworks */ = {
			isa = PBXShellScriptBuildPhase;
			buildActionMask = 2147483647;
			files = (
			);
			inputPaths = (
			);
			name = "[CP] Embed Pods Frameworks";
			outputPaths = (
			);
			runOnlyForDeploymentPostprocessing = 0;
			shellPath = /bin/sh;
			shellScript = "\"${SRCROOT}/Pods/Target Support Files/Pods-GCDSocket/Pods-GCDSocket-frameworks.sh\"\n";
			showEnvVarsInLog = 0;
		};
		9540BB7E3CEDBC5EED56D235 /* [CP] Copy Pods Resources */ = {
			isa = PBXShellScriptBuildPhase;
			buildActionMask = 2147483647;
			files = (
			);
			inputPaths = (
			);
			name = "[CP] Copy Pods Resources";
			outputPaths = (
			);
			runOnlyForDeploymentPostprocessing = 0;
			shellPath = /bin/sh;
			shellScript = "\"${SRCROOT}/Pods/Target Support Files/Pods-GCDSocket/Pods-GCDSocket-resources.sh\"\n";
			showEnvVarsInLog = 0;
		};
		B71C8287C2AB6E40ED90582B /* [CP] Check Pods Manifest.lock */ = {
			isa = PBXShellScriptBuildPhase;
			buildActionMask = 2147483647;
			files = (
			);
			inputPaths = (
			);
			name = "[CP] Check Pods Manifest.lock";
			outputPaths = (
			);
			runOnlyForDeploymentPostprocessing = 0;
			shellPath = /bin/sh;
			shellScript = "diff \"${PODS_PODFILE_DIR_PATH}/Podfile.lock\" \"${PODS_ROOT}/Manifest.lock\" > /dev/null\nif [ $? != 0 ] ; then\n    # print error to STDERR\n    echo \"error: The sandbox is not in sync with the Podfile.lock. Run 'pod install' or update your CocoaPods installation.\" >&2\n    exit 1\nfi\n";
			showEnvVarsInLog = 0;
		};
/* End PBXShellScriptBuildPhase section */

/* Begin PBXSourcesBuildPhase section */
		EAE668081FB9557D005AA050 /* Sources */ = {
			isa = PBXSourcesBuildPhase;
			buildActionMask = 2147483647;
			files = (
				EAE668141FB9557D005AA050 /* ViewController.m in Sources */,
				EAE6681F1FB9557D005AA050 /* main.m in Sources */,
				EAE668111FB9557D005AA050 /* AppDelegate.m in Sources */,
				EAE668271FB9681C005AA050 /* GCDSocketManager.m in Sources */,
			);
			runOnlyForDeploymentPostprocessing = 0;
		};
/* End PBXSourcesBuildPhase section */

/* Begin PBXVariantGroup section */
		EAE668151FB9557D005AA050 /* Main.storyboard */ = {
			isa = PBXVariantGroup;
			children = (
				EAE668161FB9557D005AA050 /* Base */,
			);
			name = Main.storyboard;
			sourceTree = "<group>";
		};
		EAE6681A1FB9557D005AA050 /* LaunchScreen.storyboard */ = {
			isa = PBXVariantGroup;
			children = (
				EAE6681B1FB9557D005AA050 /* Base */,
			);
			name = LaunchScreen.storyboard;
			sourceTree = "<group>";
		};
/* End PBXVariantGroup section */

/* Begin XCBuildConfiguration section */
		EAE668201FB9557D005AA050 /* Debug */ = {
			isa = XCBuildConfiguration;
			buildSettings = {
				ALWAYS_SEARCH_USER_PATHS = NO;
				CLANG_ANALYZER_NONNULL = YES;
				CLANG_ANALYZER_NUMBER_OBJECT_CONVERSION = YES_AGGRESSIVE;
				CLANG_CXX_LANGUAGE_STANDARD = "gnu++14";
				CLANG_CXX_LIBRARY = "libc++";
				CLANG_ENABLE_MODULES = YES;
				CLANG_ENABLE_OBJC_ARC = YES;
				CLANG_WARN_BLOCK_CAPTURE_AUTORELEASING = YES;
				CLANG_WARN_BOOL_CONVERSION = YES;
				CLANG_WARN_COMMA = YES;
				CLANG_WARN_CONSTANT_CONVERSION = YES;
				CLANG_WARN_DIRECT_OBJC_ISA_USAGE = YES_ERROR;
				CLANG_WARN_DOCUMENTATION_COMMENTS = YES;
				CLANG_WARN_EMPTY_BODY = YES;
				CLANG_WARN_ENUM_CONVERSION = YES;
				CLANG_WARN_INFINITE_RECURSION = YES;
				CLANG_WARN_INT_CONVERSION = YES;
				CLANG_WARN_NON_LITERAL_NULL_CONVERSION = YES;
				CLANG_WARN_OBJC_LITERAL_CONVERSION = YES;
				CLANG_WARN_OBJC_ROOT_CLASS = YES_ERROR;
				CLANG_WARN_RANGE_LOOP_ANALYSIS = YES;
				CLANG_WARN_STRICT_PROTOTYPES = YES;
				CLANG_WARN_SUSPICIOUS_MOVE = YES;
				CLANG_WARN_UNGUARDED_AVAILABILITY = YES_AGGRESSIVE;
				CLANG_WARN_UNREACHABLE_CODE = YES;
				CLANG_WARN__DUPLICATE_METHOD_MATCH = YES;
				CODE_SIGN_IDENTITY = "iPhone Developer";
				COPY_PHASE_STRIP = NO;
				DEBUG_INFORMATION_FORMAT = dwarf;
				ENABLE_STRICT_OBJC_MSGSEND = YES;
				ENABLE_TESTABILITY = YES;
				GCC_C_LANGUAGE_STANDARD = gnu11;
				GCC_DYNAMIC_NO_PIC = NO;
				GCC_NO_COMMON_BLOCKS = YES;
				GCC_OPTIMIZATION_LEVEL = 0;
				GCC_PREPROCESSOR_DEFINITIONS = (
					"DEBUG=1",
					"$(inherited)",
				);
				GCC_WARN_64_TO_32_BIT_CONVERSION = YES;
				GCC_WARN_ABOUT_RETURN_TYPE = YES_ERROR;
				GCC_WARN_UNDECLARED_SELECTOR = YES;
				GCC_WARN_UNINITIALIZED_AUTOS = YES_AGGRESSIVE;
				GCC_WARN_UNUSED_FUNCTION = YES;
				GCC_WARN_UNUSED_VARIABLE = YES;
				IPHONEOS_DEPLOYMENT_TARGET = 11.1;
				MTL_ENABLE_DEBUG_INFO = YES;
				ONLY_ACTIVE_ARCH = YES;
				SDKROOT = iphoneos;
			};
			name = Debug;
		};
		EAE668211FB9557D005AA050 /* Release */ = {
			isa = XCBuildConfiguration;
			buildSettings = {
				ALWAYS_SEARCH_USER_PATHS = NO;
				CLANG_ANALYZER_NONNULL = YES;
				CLANG_ANALYZER_NUMBER_OBJECT_CONVERSION = YES_AGGRESSIVE;
				CLANG_CXX_LANGUAGE_STANDARD = "gnu++14";
				CLANG_CXX_LIBRARY = "libc++";
				CLANG_ENABLE_MODULES = YES;
				CLANG_ENABLE_OBJC_ARC = YES;
				CLANG_WARN_BLOCK_CAPTURE_AUTORELEASING = YES;
				CLANG_WARN_BOOL_CONVERSION = YES;
				CLANG_WARN_COMMA = YES;
				CLANG_WARN_CONSTANT_CONVERSION = YES;
				CLANG_WARN_DIRECT_OBJC_ISA_USAGE = YES_ERROR;
				CLANG_WARN_DOCUMENTATION_COMMENTS = YES;
				CLANG_WARN_EMPTY_BODY = YES;
				CLANG_WARN_ENUM_CONVERSION = YES;
				CLANG_WARN_INFINITE_RECURSION = YES;
				CLANG_WARN_INT_CONVERSION = YES;
				CLANG_WARN_NON_LITERAL_NULL_CONVERSION = YES;
				CLANG_WARN_OBJC_LITERAL_CONVERSION = YES;
				CLANG_WARN_OBJC_ROOT_CLASS = YES_ERROR;
				CLANG_WARN_RANGE_LOOP_ANALYSIS = YES;
				CLANG_WARN_STRICT_PROTOTYPES = YES;
				CLANG_WARN_SUSPICIOUS_MOVE = YES;
				CLANG_WARN_UNGUARDED_AVAILABILITY = YES_AGGRESSIVE;
				CLANG_WARN_UNREACHABLE_CODE = YES;
				CLANG_WARN__DUPLICATE_METHOD_MATCH = YES;
				CODE_SIGN_IDENTITY = "iPhone Developer";
				COPY_PHASE_STRIP = NO;
				DEBUG_INFORMATION_FORMAT = "dwarf-with-dsym";
				ENABLE_NS_ASSERTIONS = NO;
				ENABLE_STRICT_OBJC_MSGSEND = YES;
				GCC_C_LANGUAGE_STANDARD = gnu11;
				GCC_NO_COMMON_BLOCKS = YES;
				GCC_WARN_64_TO_32_BIT_CONVERSION = YES;
				GCC_WARN_ABOUT_RETURN_TYPE = YES_ERROR;
				GCC_WARN_UNDECLARED_SELECTOR = YES;
				GCC_WARN_UNINITIALIZED_AUTOS = YES_AGGRESSIVE;
				GCC_WARN_UNUSED_FUNCTION = YES;
				GCC_WARN_UNUSED_VARIABLE = YES;
				IPHONEOS_DEPLOYMENT_TARGET = 11.1;
				MTL_ENABLE_DEBUG_INFO = NO;
				SDKROOT = iphoneos;
				VALIDATE_PRODUCT = YES;
			};
			name = Release;
		};
		EAE668231FB9557D005AA050 /* Debug */ = {
			isa = XCBuildConfiguration;
			baseConfigurationReference = 483984A7F0A6A67A3045187E /* Pods-GCDSocket.debug.xcconfig */;
			buildSettings = {
				ASSETCATALOG_COMPILER_APPICON_NAME = AppIcon;
				CODE_SIGN_STYLE = Automatic;
				INFOPLIST_FILE = GCDSocket/Info.plist;
				LD_RUNPATH_SEARCH_PATHS = "$(inherited) @executable_path/Frameworks";
				PRODUCT_BUNDLE_IDENTIFIER = onePiece.GCDSocket;
				PRODUCT_NAME = "$(TARGET_NAME)";
				TARGETED_DEVICE_FAMILY = "1,2";
			};
			name = Debug;
		};
		EAE668241FB9557D005AA050 /* Release */ = {
			isa = XCBuildConfiguration;
			baseConfigurationReference = 74345FC7D48305CA3D985179 /* Pods-GCDSocket.release.xcconfig */;
			buildSettings = {
				ASSETCATALOG_COMPILER_APPICON_NAME = AppIcon;
				CODE_SIGN_STYLE = Automatic;
				INFOPLIST_FILE = GCDSocket/Info.plist;
				LD_RUNPATH_SEARCH_PATHS = "$(inherited) @executable_path/Frameworks";
				PRODUCT_BUNDLE_IDENTIFIER = onePiece.GCDSocket;
				PRODUCT_NAME = "$(TARGET_NAME)";
				TARGETED_DEVICE_FAMILY = "1,2";
			};
			name = Release;
		};
/* End XCBuildConfiguration section */

/* Begin XCConfigurationList section */
		EAE668071FB9557D005AA050 /* Build configuration list for PBXProject "GCDSocket" */ = {
			isa = XCConfigurationList;
			buildConfigurations = (
				EAE668201FB9557D005AA050 /* Debug */,
				EAE668211FB9557D005AA050 /* Release */,
			);
			defaultConfigurationIsVisible = 0;
			defaultConfigurationName = Release;
		};
		EAE668221FB9557D005AA050 /* Build configuration list for PBXNativeTarget "GCDSocket" */ = {
			isa = XCConfigurationList;
			buildConfigurations = (
				EAE668231FB9557D005AA050 /* Debug */,
				EAE668241FB9557D005AA050 /* Release */,
			);
			defaultConfigurationIsVisible = 0;
			defaultConfigurationName = Release;
		};
/* End XCConfigurationList section */
	};
	rootObject = EAE668041FB9557D005AA050 /* Project object */;
}
